<?xml version="1.0" encoding="utf-8"?>
<Project ToolsVersion="4.0" xmlns="http://schemas.microsoft.com/developer/msbuild/2003">
  <ItemGroup>
    <Filter Include="src">
      <UniqueIdentifier>{94faee6a-e383-4843-bd0d-d225bd0aea38}</UniqueIdentifier>
    </Filter>
    <Filter Include="inc">
      <UniqueIdentifier>{ad24b28c-0f49-4ae3-9d7f-9f989979d7de}</UniqueIdentifier>
    </Filter>
  </ItemGroup>
  <ItemGroup>
    <ClInclude Include="inc\main.hpp">
      <Filter>inc</Filter>
    </ClInclude>
    <ClInclude Include="inc\static_sequential_list.hpp">
      <Filter>inc</Filter>
    </ClInclude>
    <ClInclude Include="inc\dynamic_sequential_list.hpp">
      <Filter>inc</Filter>
    </ClInclude>
  </ItemGroup>
  <ItemGroup>
    <ClCompile Include="src\main.cpp">
      <Filter>src</Filter>
    </ClCompile>
  </ItemGroup>
</Project>